<Solution>
  <Folder Name="/samples/">
    <Project Path="samples/MassiveDotNet.AotSmokeTest/MassiveDotNet.AotSmokeTest.csproj" />
  </Folder>
  <Folder Name="/src/">
    <Project Path="src/MassiveDotNet.Rest/MassiveDotNet.Rest.csproj" />
    <Project Path="src/MassiveDotNet/MassiveDotNet.csproj" />
  </Folder>
  <Folder Name="/tests/">
    <Project Path="tests/MassiveDotNet.CodeGen.Tests/MassiveDotNet.CodeGen.Tests.csproj" />
    <Project Path="tests/MassiveDotNet.IntegrationTests/MassiveDotNet.IntegrationTests.csproj" />
    <Project Path="tests/MassiveDotNet.Rest.Tests/MassiveDotNet.Rest.Tests.csproj" />
  </Folder>
  <Folder Name="/tools/">
    <Project Path="tools/MassiveDotNet.CodeGen/MassiveDotNet.CodeGen.csproj" />
  </Folder>
</Solution>
